
Microsoft Visual Studio Solution File, Format Version 12.00
# Visual Studio 15
VisualStudioVersion = 15.0.28307.421
MinimumVisualStudioVersion = 10.0.40219.1
Project("{FAE04EC0-301F-11D3-BF4B-00C04F79EFBC}") = "Catharsium.WordDistance.Core.Logic", "Catharsium.WordDistance.Core.Logic\Catharsium.WordDistance.Core.Logic.csproj", "{6CABD122-D1F5-48F3-92A6-67CC8E4FE678}"
EndProject
Project("{2150E333-8FDC-42A3-9474-1A3956D46DE8}") = "1. Core", "1. Core", "{32164458-BDE9-4C14-BB69-1ED51D7F7CC5}"
EndProject
Project("{2150E333-8FDC-42A3-9474-1A3956D46DE8}") = "2. Data", "2. Data", "{1A302821-AFFC-4F29-8BE7-5AA191154237}"
EndProject
Project("{2150E333-8FDC-42A3-9474-1A3956D46DE8}") = "3. UI", "3. UI", "{CDCC639C-70CE-498C-A0CD-1E9CC795BA45}"
EndProject
Project("{FAE04EC0-301F-11D3-BF4B-00C04F79EFBC}") = "Catharsium.WordDistance.Core.Logic.Tests", "Catharsium.WordDistance.Core.Logic.Tests\Catharsium.WordDistance.Core.Logic.Tests.csproj", "{3C49F608-A224-41E1-9DF6-1D7F06AE9546}"
EndProject
Project("{FAE04EC0-301F-11D3-BF4B-00C04F79EFBC}") = "Catharsium.WordDistance.UI.Console", "Catharsium.WordDistance.UI.Console\Catharsium.WordDistance.UI.Console.csproj", "{24C328B2-582B-4BE4-9ADC-415BFD67706A}"
EndProject
Project("{FAE04EC0-301F-11D3-BF4B-00C04F79EFBC}") = "Catharsium.WordDistance.UI.Console.Tests", "Catharsium.WordDistance.UI.Console.Tests\Catharsium.WordDistance.UI.Console.Tests.csproj", "{633BA736-D84E-4911-B700-A19206F02C76}"
EndProject
Global
	GlobalSection(SolutionConfigurationPlatforms) = preSolution
		Debug|Any CPU = Debug|Any CPU
		Release|Any CPU = Release|Any CPU
	EndGlobalSection
	GlobalSection(ProjectConfigurationPlatforms) = postSolution
		{6CABD122-D1F5-48F3-92A6-67CC8E4FE678}.Debug|Any CPU.ActiveCfg = Debug|Any CPU
		{6CABD122-D1F5-48F3-92A6-67CC8E4FE678}.Debug|Any CPU.Build.0 = Debug|Any CPU
		{6CABD122-D1F5-48F3-92A6-67CC8E4FE678}.Release|Any CPU.ActiveCfg = Release|Any CPU
		{6CABD122-D1F5-48F3-92A6-67CC8E4FE678}.Release|Any CPU.Build.0 = Release|Any CPU
		{3C49F608-A224-41E1-9DF6-1D7F06AE9546}.Debug|Any CPU.ActiveCfg = Debug|Any CPU
		{3C49F608-A224-41E1-9DF6-1D7F06AE9546}.Debug|Any CPU.Build.0 = Debug|Any CPU
		{3C49F608-A224-41E1-9DF6-1D7F06AE9546}.Release|Any CPU.ActiveCfg = Release|Any CPU
		{3C49F608-A224-41E1-9DF6-1D7F06AE9546}.Release|Any CPU.Build.0 = Release|Any CPU
		{24C328B2-582B-4BE4-9ADC-415BFD67706A}.Debug|Any CPU.ActiveCfg = Debug|Any CPU
		{24C328B2-582B-4BE4-9ADC-415BFD67706A}.Debug|Any CPU.Build.0 = Debug|Any CPU
		{24C328B2-582B-4BE4-9ADC-415BFD67706A}.Release|Any CPU.ActiveCfg = Release|Any CPU
		{24C328B2-582B-4BE4-9ADC-415BFD67706A}.Release|Any CPU.Build.0 = Release|Any CPU
		{633BA736-D84E-4911-B700-A19206F02C76}.Debug|Any CPU.ActiveCfg = Debug|Any CPU
		{633BA736-D84E-4911-B700-A19206F02C76}.Debug|Any CPU.Build.0 = Debug|Any CPU
		{633BA736-D84E-4911-B700-A19206F02C76}.Release|Any CPU.ActiveCfg = Release|Any CPU
		{633BA736-D84E-4911-B700-A19206F02C76}.Release|Any CPU.Build.0 = Release|Any CPU
	EndGlobalSection
	GlobalSection(SolutionProperties) = preSolution
		HideSolutionNode = FALSE
	EndGlobalSection
	GlobalSection(NestedProjects) = preSolution
		{6CABD122-D1F5-48F3-92A6-67CC8E4FE678} = {32164458-BDE9-4C14-BB69-1ED51D7F7CC5}
		{3C49F608-A224-41E1-9DF6-1D7F06AE9546} = {32164458-BDE9-4C14-BB69-1ED51D7F7CC5}
		{24C328B2-582B-4BE4-9ADC-415BFD67706A} = {CDCC639C-70CE-498C-A0CD-1E9CC795BA45}
		{633BA736-D84E-4911-B700-A19206F02C76} = {CDCC639C-70CE-498C-A0CD-1E9CC795BA45}
	EndGlobalSection
	GlobalSection(ExtensibilityGlobals) = postSolution
		SolutionGuid = {B8A34BCF-ADFF-4F75-A5D5-891426739E13}
	EndGlobalSection
EndGlobal
